
Microsoft Visual Studio Solution File, Format Version 12.00
# Visual Studio Version 16
VisualStudioVersion = 16.0.29215.179
MinimumVisualStudioVersion = 10.0.40219.1
Project("{8BC9CEB8-8B4A-11D0-8D11-00A0C91BC942}") = "多态案例：PK小游戏", "多态案例：PK小游戏.vcxproj", "{DBDE465E-5CDA-4320-A65D-A4B9859657CB}"
EndProject
Global
	GlobalSection(SolutionConfigurationPlatforms) = preSolution
		Debug|x64 = Debug|x64
		Debug|x86 = Debug|x86
		Release|x64 = Release|x64
		Release|x86 = Release|x86
	EndGlobalSection
	GlobalSection(ProjectConfigurationPlatforms) = postSolution
		{DBDE465E-5CDA-4320-A65D-A4B9859657CB}.Debug|x64.ActiveCfg = Debug|x64
		{DBDE465E-5CDA-4320-A65D-A4B9859657CB}.Debug|x64.Build.0 = Debug|x64
		{DBDE465E-5CDA-4320-A65D-A4B9859657CB}.Debug|x86.ActiveCfg = Debug|Win32
		{DBDE465E-5CDA-4320-A65D-A4B9859657CB}.Debug|x86.Build.0 = Debug|Win32
		{DBDE465E-5CDA-4320-A65D-A4B9859657CB}.Release|x64.ActiveCfg = Release|x64
		{DBDE465E-5CDA-4320-A65D-A4B9859657CB}.Release|x64.Build.0 = Release|x64
		{DBDE465E-5CDA-4320-A65D-A4B9859657CB}.Release|x86.ActiveCfg = Release|Win32
		{DBDE465E-5CDA-4320-A65D-A4B9859657CB}.Release|x86.Build.0 = Release|Win32
	EndGlobalSection
	GlobalSection(SolutionProperties) = preSolution
		HideSolutionNode = FALSE
	EndGlobalSection
	GlobalSection(ExtensibilityGlobals) = postSolution
		SolutionGuid = {15A83791-D18E-498F-9513-C7E0A587E0F2}
	EndGlobalSection
EndGlobal
